
Microsoft Visual Studio Solution File, Format Version 12.00
# Visual Studio Version 17
VisualStudioVersion = 17.5.33424.131
MinimumVisualStudioVersion = 10.0.40219.1
Project("{FAE04EC0-301F-11D3-BF4B-00C04F79EFBC}") = "XadrezProject", "XadrezProject\XadrezProject.csproj", "{734C7114-9DEE-49A2-8894-02A356281939}"
EndProject
Global
	GlobalSection(SolutionConfigurationPlatforms) = preSolution
		Debug|Any CPU = Debug|Any CPU
		Release|Any CPU = Release|Any CPU
	EndGlobalSection
	GlobalSection(ProjectConfigurationPlatforms) = postSolution
		{734C7114-9DEE-49A2-8894-02A356281939}.Debug|Any CPU.ActiveCfg = Debug|Any CPU
		{734C7114-9DEE-49A2-8894-02A356281939}.Debug|Any CPU.Build.0 = Debug|Any CPU
		{734C7114-9DEE-49A2-8894-02A356281939}.Release|Any CPU.ActiveCfg = Release|Any CPU
		{734C7114-9DEE-49A2-8894-02A356281939}.Release|Any CPU.Build.0 = Release|Any CPU
	EndGlobalSection
	GlobalSection(SolutionProperties) = preSolution
		HideSolutionNode = FALSE
	EndGlobalSection
	GlobalSection(ExtensibilityGlobals) = postSolution
		SolutionGuid = {E11748DE-BFEB-4DBA-B8F3-60C588CB2472}
	EndGlobalSection
EndGlobal
